
Microsoft Visual Studio Solution File, Format Version 12.00
# Visual Studio 15
Project("{FAE04EC0-301F-11D3-BF4B-00C04F79EFBC}") = "Unity.Timeline", "Unity.Timeline.csproj", "{005DE33F-E656-69EA-C6DF-2E1CBA7730F3}"
EndProject
Project("{FAE04EC0-301F-11D3-BF4B-00C04F79EFBC}") = "Unity.Timeline.Editor", "Unity.Timeline.Editor.csproj", "{020365DA-15F6-E9DE-0187-D5AE89A2734A}"
EndProject
Project("{FAE04EC0-301F-11D3-BF4B-00C04F79EFBC}") = "Unity.TextMeshPro.Editor", "Unity.TextMeshPro.Editor.csproj", "{5421A243-0D79-356A-3D02-D48CEDB1C78C}"
EndProject
Project("{FAE04EC0-301F-11D3-BF4B-00C04F79EFBC}") = "Unity.VisualScripting.Flow", "Unity.VisualScripting.Flow.csproj", "{27ABA7D8-5534-288B-2F5F-CF5AE3375C30}"
EndProject
Project("{FAE04EC0-301F-11D3-BF4B-00C04F79EFBC}") = "UnityEditor.UI", "UnityEditor.UI.csproj", "{3DA509A9-34C7-2C92-AF5F-90FB12A82788}"
EndProject
Project("{FAE04EC0-301F-11D3-BF4B-00C04F79EFBC}") = "Unity.PlasticSCM.Editor", "Unity.PlasticSCM.Editor.csproj", "{E83A0A91-A27F-EF32-E476-74C0FB04FCDC}"
EndProject
Project("{FAE04EC0-301F-11D3-BF4B-00C04F79EFBC}") = "Unity.VisualScripting.Core", "Unity.VisualScripting.Core.csproj", "{16989867-AF2E-081C-0875-74A2CE8CAA66}"
EndProject
Project("{FAE04EC0-301F-11D3-BF4B-00C04F79EFBC}") = "Unity.VisualScripting.Core.Editor", "Unity.VisualScripting.Core.Editor.csproj", "{2290E496-5425-0D8E-44A0-1B6D46866B37}"
EndProject
Project("{FAE04EC0-301F-11D3-BF4B-00C04F79EFBC}") = "Unity.VisualScripting.Flow.Editor", "Unity.VisualScripting.Flow.Editor.csproj", "{E33683DD-F0B3-E1B4-736B-9EE571BD2C39}"
EndProject
Project("{FAE04EC0-301F-11D3-BF4B-00C04F79EFBC}") = "UnityEditor.TestRunner", "UnityEditor.TestRunner.csproj", "{2B529726-A5B9-017D-FDB6-E777412108DB}"
EndProject
Project("{FAE04EC0-301F-11D3-BF4B-00C04F79EFBC}") = "Unity.VisualScripting.SettingsProvider.Editor", "Unity.VisualScripting.SettingsProvider.Editor.csproj", "{7E0A7D66-8476-E382-C809-43933E201F6D}"
EndProject
Project("{FAE04EC0-301F-11D3-BF4B-00C04F79EFBC}") = "UnityEngine.TestRunner", "UnityEngine.TestRunner.csproj", "{BDB54006-FC1C-AE59-9A01-0610C2F8C134}"
EndProject
Project("{FAE04EC0-301F-11D3-BF4B-00C04F79EFBC}") = "UnityEngine.UI", "UnityEngine.UI.csproj", "{90420D94-5613-7705-3353-263125EF15A0}"
EndProject
Project("{FAE04EC0-301F-11D3-BF4B-00C04F79EFBC}") = "Unity.VisualStudio.Editor", "Unity.VisualStudio.Editor.csproj", "{2A38C7F6-515F-AAC9-EC4B-678F9D00C8D4}"
EndProject
Project("{FAE04EC0-301F-11D3-BF4B-00C04F79EFBC}") = "Unity.TestTools.CodeCoverage.Editor.OpenCover.Model", "Unity.TestTools.CodeCoverage.Editor.OpenCover.Model.csproj", "{0E38C17A-206D-C2F8-96C1-6380401710BA}"
EndProject
Project("{FAE04EC0-301F-11D3-BF4B-00C04F79EFBC}") = "Unity.Rider.Editor", "Unity.Rider.Editor.csproj", "{F0A11AB8-6029-4F25-9735-1FF1756EA95D}"
EndProject
Project("{FAE04EC0-301F-11D3-BF4B-00C04F79EFBC}") = "Unity.VisualScripting.State.Editor", "Unity.VisualScripting.State.Editor.csproj", "{5BB4988F-37C6-0F9B-48C3-6CD529234284}"
EndProject
Project("{FAE04EC0-301F-11D3-BF4B-00C04F79EFBC}") = "Unity.TestTools.CodeCoverage.Editor", "Unity.TestTools.CodeCoverage.Editor.csproj", "{951C0455-E34D-3DBD-5E9C-E8270BF47D75}"
EndProject
Project("{FAE04EC0-301F-11D3-BF4B-00C04F79EFBC}") = "Unity.VisualScripting.State", "Unity.VisualScripting.State.csproj", "{334CE9E7-43E8-066C-5E96-998753CA6A3D}"
EndProject
Project("{FAE04EC0-301F-11D3-BF4B-00C04F79EFBC}") = "Unity.TextMeshPro", "Unity.TextMeshPro.csproj", "{C9B14AD4-9C00-81CC-E0C3-87934AC6336F}"
EndProject
Project("{FAE04EC0-301F-11D3-BF4B-00C04F79EFBC}") = "Unity.Performance.Profile-Analyzer.Editor", "Unity.Performance.Profile-Analyzer.Editor.csproj", "{1FC25E2B-3E42-9AF7-5527-26CBB51BD166}"
EndProject
Project("{FAE04EC0-301F-11D3-BF4B-00C04F79EFBC}") = "Unity.VSCode.Editor", "Unity.VSCode.Editor.csproj", "{701113CD-2642-9BB3-61FB-958D54FE4A9E}"
EndProject
Project("{FAE04EC0-301F-11D3-BF4B-00C04F79EFBC}") = "Unity.TestTools.CodeCoverage.Editor.OpenCover.Mono.Reflection", "Unity.TestTools.CodeCoverage.Editor.OpenCover.Mono.Reflection.csproj", "{B591CC86-4505-4EFB-A052-028DE2BC1A9D}"
EndProject
Project("{FAE04EC0-301F-11D3-BF4B-00C04F79EFBC}") = "Unity.Settings.Editor", "Unity.Settings.Editor.csproj", "{E25AD63B-8926-5906-EFAF-EEF0E1A002B1}"
EndProject
Project("{FAE04EC0-301F-11D3-BF4B-00C04F79EFBC}") = "Unity.EditorCoroutines.Editor", "Unity.EditorCoroutines.Editor.csproj", "{ACCF68E3-D75F-721E-1ACA-6060A3DD060B}"
EndProject
Project("{FAE04EC0-301F-11D3-BF4B-00C04F79EFBC}") = "Unity.VisualScripting.Shared.Editor", "Unity.VisualScripting.Shared.Editor.csproj", "{88DDCBF5-03A5-E236-C1CD-B2F58E5A0B24}"
EndProject
Project("{FAE04EC0-301F-11D3-BF4B-00C04F79EFBC}") = "Unity.CollabProxy.Editor", "Unity.CollabProxy.Editor.csproj", "{78BCF628-4B99-1BDB-6E6C-C78028950757}"
EndProject
Project("{FAE04EC0-301F-11D3-BF4B-00C04F79EFBC}") = "Unity.Timeline", "Unity.Timeline.Player.csproj", "{1C0A7395-C40B-6CC4-ECF4-1803EE7C37C1}"
EndProject
Project("{FAE04EC0-301F-11D3-BF4B-00C04F79EFBC}") = "Unity.VisualScripting.Flow", "Unity.VisualScripting.Flow.Player.csproj", "{B08DECB9-5755-484F-45FF-5DEBC39DEC56}"
EndProject
Project("{FAE04EC0-301F-11D3-BF4B-00C04F79EFBC}") = "Unity.VisualScripting.Core", "Unity.VisualScripting.Core.Player.csproj", "{1CC252D3-EFE2-0211-1B37-B46FDDB89AC4}"
EndProject
Project("{FAE04EC0-301F-11D3-BF4B-00C04F79EFBC}") = "UnityEngine.TestRunner", "UnityEngine.TestRunner.Player.csproj", "{318324A4-299F-0A8C-A846-F64CA172E355}"
EndProject
Project("{FAE04EC0-301F-11D3-BF4B-00C04F79EFBC}") = "UnityEngine.UI", "UnityEngine.UI.Player.csproj", "{C85B8D45-ACF7-9D6B-4707-1A4A27D9A35F}"
EndProject
Project("{FAE04EC0-301F-11D3-BF4B-00C04F79EFBC}") = "Unity.VisualScripting.State", "Unity.VisualScripting.State.Player.csproj", "{E7BA9694-6A98-1CCE-7592-F900ECC41EEB}"
EndProject
Project("{FAE04EC0-301F-11D3-BF4B-00C04F79EFBC}") = "Unity.TextMeshPro", "Unity.TextMeshPro.Player.csproj", "{7E706AB6-3DB5-AAA2-1F6C-23F86339FE76}"
EndProject
Global
	GlobalSection(SolutionConfigurationPlatforms) = preSolution
		Debug|Any CPU = Debug|Any CPU
		Release|Any CPU = Release|Any CPU
	EndGlobalSection
	GlobalSection(ProjectConfigurationPlatforms) = postSolution
		{005DE33F-E656-69EA-C6DF-2E1CBA7730F3}.Debug|Any CPU.ActiveCfg = Debug|Any CPU
		{005DE33F-E656-69EA-C6DF-2E1CBA7730F3}.Debug|Any CPU.Build.0 = Debug|Any CPU
		{005DE33F-E656-69EA-C6DF-2E1CBA7730F3}.Release|Any CPU.ActiveCfg = Release|Any CPU
		{005DE33F-E656-69EA-C6DF-2E1CBA7730F3}.Release|Any CPU.Build.0 = Release|Any CPU
		{020365DA-15F6-E9DE-0187-D5AE89A2734A}.Debug|Any CPU.ActiveCfg = Debug|Any CPU
		{020365DA-15F6-E9DE-0187-D5AE89A2734A}.Debug|Any CPU.Build.0 = Debug|Any CPU
		{020365DA-15F6-E9DE-0187-D5AE89A2734A}.Release|Any CPU.ActiveCfg = Release|Any CPU
		{020365DA-15F6-E9DE-0187-D5AE89A2734A}.Release|Any CPU.Build.0 = Release|Any CPU
		{5421A243-0D79-356A-3D02-D48CEDB1C78C}.Debug|Any CPU.ActiveCfg = Debug|Any CPU
		{5421A243-0D79-356A-3D02-D48CEDB1C78C}.Debug|Any CPU.Build.0 = Debug|Any CPU
		{5421A243-0D79-356A-3D02-D48CEDB1C78C}.Release|Any CPU.ActiveCfg = Release|Any CPU
		{5421A243-0D79-356A-3D02-D48CEDB1C78C}.Release|Any CPU.Build.0 = Release|Any CPU
		{27ABA7D8-5534-288B-2F5F-CF5AE3375C30}.Debug|Any CPU.ActiveCfg = Debug|Any CPU
		{27ABA7D8-5534-288B-2F5F-CF5AE3375C30}.Debug|Any CPU.Build.0 = Debug|Any CPU
		{27ABA7D8-5534-288B-2F5F-CF5AE3375C30}.Release|Any CPU.ActiveCfg = Release|Any CPU
		{27ABA7D8-5534-288B-2F5F-CF5AE3375C30}.Release|Any CPU.Build.0 = Release|Any CPU
		{3DA509A9-34C7-2C92-AF5F-90FB12A82788}.Debug|Any CPU.ActiveCfg = Debug|Any CPU
		{3DA509A9-34C7-2C92-AF5F-90FB12A82788}.Debug|Any CPU.Build.0 = Debug|Any CPU
		{3DA509A9-34C7-2C92-AF5F-90FB12A82788}.Release|Any CPU.ActiveCfg = Release|Any CPU
		{3DA509A9-34C7-2C92-AF5F-90FB12A82788}.Release|Any CPU.Build.0 = Release|Any CPU
		{E83A0A91-A27F-EF32-E476-74C0FB04FCDC}.Debug|Any CPU.ActiveCfg = Debug|Any CPU
		{E83A0A91-A27F-EF32-E476-74C0FB04FCDC}.Debug|Any CPU.Build.0 = Debug|Any CPU
		{E83A0A91-A27F-EF32-E476-74C0FB04FCDC}.Release|Any CPU.ActiveCfg = Release|Any CPU
		{E83A0A91-A27F-EF32-E476-74C0FB04FCDC}.Release|Any CPU.Build.0 = Release|Any CPU
		{16989867-AF2E-081C-0875-74A2CE8CAA66}.Debug|Any CPU.ActiveCfg = Debug|Any CPU
		{16989867-AF2E-081C-0875-74A2CE8CAA66}.Debug|Any CPU.Build.0 = Debug|Any CPU
		{16989867-AF2E-081C-0875-74A2CE8CAA66}.Release|Any CPU.ActiveCfg = Release|Any CPU
		{16989867-AF2E-081C-0875-74A2CE8CAA66}.Release|Any CPU.Build.0 = Release|Any CPU
		{2290E496-5425-0D8E-44A0-1B6D46866B37}.Debug|Any CPU.ActiveCfg = Debug|Any CPU
		{2290E496-5425-0D8E-44A0-1B6D46866B37}.Debug|Any CPU.Build.0 = Debug|Any CPU
		{2290E496-5425-0D8E-44A0-1B6D46866B37}.Release|Any CPU.ActiveCfg = Release|Any CPU
		{2290E496-5425-0D8E-44A0-1B6D46866B37}.Release|Any CPU.Build.0 = Release|Any CPU
		{E33683DD-F0B3-E1B4-736B-9EE571BD2C39}.Debug|Any CPU.ActiveCfg = Debug|Any CPU
		{E33683DD-F0B3-E1B4-736B-9EE571BD2C39}.Debug|Any CPU.Build.0 = Debug|Any CPU
		{E33683DD-F0B3-E1B4-736B-9EE571BD2C39}.Release|Any CPU.ActiveCfg = Release|Any CPU
		{E33683DD-F0B3-E1B4-736B-9EE571BD2C39}.Release|Any CPU.Build.0 = Release|Any CPU
		{2B529726-A5B9-017D-FDB6-E777412108DB}.Debug|Any CPU.ActiveCfg = Debug|Any CPU
		{2B529726-A5B9-017D-FDB6-E777412108DB}.Debug|Any CPU.Build.0 = Debug|Any CPU
		{2B529726-A5B9-017D-FDB6-E777412108DB}.Release|Any CPU.ActiveCfg = Release|Any CPU
		{2B529726-A5B9-017D-FDB6-E777412108DB}.Release|Any CPU.Build.0 = Release|Any CPU
		{7E0A7D66-8476-E382-C809-43933E201F6D}.Debug|Any CPU.ActiveCfg = Debug|Any CPU
		{7E0A7D66-8476-E382-C809-43933E201F6D}.Debug|Any CPU.Build.0 = Debug|Any CPU
		{7E0A7D66-8476-E382-C809-43933E201F6D}.Release|Any CPU.ActiveCfg = Release|Any CPU
		{7E0A7D66-8476-E382-C809-43933E201F6D}.Release|Any CPU.Build.0 = Release|Any CPU
		{BDB54006-FC1C-AE59-9A01-0610C2F8C134}.Debug|Any CPU.ActiveCfg = Debug|Any CPU
		{BDB54006-FC1C-AE59-9A01-0610C2F8C134}.Debug|Any CPU.Build.0 = Debug|Any CPU
		{BDB54006-FC1C-AE59-9A01-0610C2F8C134}.Release|Any CPU.ActiveCfg = Release|Any CPU
		{BDB54006-FC1C-AE59-9A01-0610C2F8C134}.Release|Any CPU.Build.0 = Release|Any CPU
		{90420D94-5613-7705-3353-263125EF15A0}.Debug|Any CPU.ActiveCfg = Debug|Any CPU
		{90420D94-5613-7705-3353-263125EF15A0}.Debug|Any CPU.Build.0 = Debug|Any CPU
		{90420D94-5613-7705-3353-263125EF15A0}.Release|Any CPU.ActiveCfg = Release|Any CPU
		{90420D94-5613-7705-3353-263125EF15A0}.Release|Any CPU.Build.0 = Release|Any CPU
		{2A38C7F6-515F-AAC9-EC4B-678F9D00C8D4}.Debug|Any CPU.ActiveCfg = Debug|Any CPU
		{2A38C7F6-515F-AAC9-EC4B-678F9D00C8D4}.Debug|Any CPU.Build.0 = Debug|Any CPU
		{2A38C7F6-515F-AAC9-EC4B-678F9D00C8D4}.Release|Any CPU.ActiveCfg = Release|Any CPU
		{2A38C7F6-515F-AAC9-EC4B-678F9D00C8D4}.Release|Any CPU.Build.0 = Release|Any CPU
		{0E38C17A-206D-C2F8-96C1-6380401710BA}.Debug|Any CPU.ActiveCfg = Debug|Any CPU
		{0E38C17A-206D-C2F8-96C1-6380401710BA}.Debug|Any CPU.Build.0 = Debug|Any CPU
		{0E38C17A-206D-C2F8-96C1-6380401710BA}.Release|Any CPU.ActiveCfg = Release|Any CPU
		{0E38C17A-206D-C2F8-96C1-6380401710BA}.Release|Any CPU.Build.0 = Release|Any CPU
		{F0A11AB8-6029-4F25-9735-1FF1756EA95D}.Debug|Any CPU.ActiveCfg = Debug|Any CPU
		{F0A11AB8-6029-4F25-9735-1FF1756EA95D}.Debug|Any CPU.Build.0 = Debug|Any CPU
		{F0A11AB8-6029-4F25-9735-1FF1756EA95D}.Release|Any CPU.ActiveCfg = Release|Any CPU
		{F0A11AB8-6029-4F25-9735-1FF1756EA95D}.Release|Any CPU.Build.0 = Release|Any CPU
		{5BB4988F-37C6-0F9B-48C3-6CD529234284}.Debug|Any CPU.ActiveCfg = Debug|Any CPU
		{5BB4988F-37C6-0F9B-48C3-6CD529234284}.Debug|Any CPU.Build.0 = Debug|Any CPU
		{5BB4988F-37C6-0F9B-48C3-6CD529234284}.Release|Any CPU.ActiveCfg = Release|Any CPU
		{5BB4988F-37C6-0F9B-48C3-6CD529234284}.Release|Any CPU.Build.0 = Release|Any CPU
		{951C0455-E34D-3DBD-5E9C-E8270BF47D75}.Debug|Any CPU.ActiveCfg = Debug|Any CPU
		{951C0455-E34D-3DBD-5E9C-E8270BF47D75}.Debug|Any CPU.Build.0 = Debug|Any CPU
		{951C0455-E34D-3DBD-5E9C-E8270BF47D75}.Release|Any CPU.ActiveCfg = Release|Any CPU
		{951C0455-E34D-3DBD-5E9C-E8270BF47D75}.Release|Any CPU.Build.0 = Release|Any CPU
		{334CE9E7-43E8-066C-5E96-998753CA6A3D}.Debug|Any CPU.ActiveCfg = Debug|Any CPU
		{334CE9E7-43E8-066C-5E96-998753CA6A3D}.Debug|Any CPU.Build.0 = Debug|Any CPU
		{334CE9E7-43E8-066C-5E96-998753CA6A3D}.Release|Any CPU.ActiveCfg = Release|Any CPU
		{334CE9E7-43E8-066C-5E96-998753CA6A3D}.Release|Any CPU.Build.0 = Release|Any CPU
		{C9B14AD4-9C00-81CC-E0C3-87934AC6336F}.Debug|Any CPU.ActiveCfg = Debug|Any CPU
		{C9B14AD4-9C00-81CC-E0C3-87934AC6336F}.Debug|Any CPU.Build.0 = Debug|Any CPU
		{C9B14AD4-9C00-81CC-E0C3-87934AC6336F}.Release|Any CPU.ActiveCfg = Release|Any CPU
		{C9B14AD4-9C00-81CC-E0C3-87934AC6336F}.Release|Any CPU.Build.0 = Release|Any CPU
		{1FC25E2B-3E42-9AF7-5527-26CBB51BD166}.Debug|Any CPU.ActiveCfg = Debug|Any CPU
		{1FC25E2B-3E42-9AF7-5527-26CBB51BD166}.Debug|Any CPU.Build.0 = Debug|Any CPU
		{1FC25E2B-3E42-9AF7-5527-26CBB51BD166}.Release|Any CPU.ActiveCfg = Release|Any CPU
		{1FC25E2B-3E42-9AF7-5527-26CBB51BD166}.Release|Any CPU.Build.0 = Release|Any CPU
		{701113CD-2642-9BB3-61FB-958D54FE4A9E}.Debug|Any CPU.ActiveCfg = Debug|Any CPU
		{701113CD-2642-9BB3-61FB-958D54FE4A9E}.Debug|Any CPU.Build.0 = Debug|Any CPU
		{701113CD-2642-9BB3-61FB-958D54FE4A9E}.Release|Any CPU.ActiveCfg = Release|Any CPU
		{701113CD-2642-9BB3-61FB-958D54FE4A9E}.Release|Any CPU.Build.0 = Release|Any CPU
		{B591CC86-4505-4EFB-A052-028DE2BC1A9D}.Debug|Any CPU.ActiveCfg = Debug|Any CPU
		{B591CC86-4505-4EFB-A052-028DE2BC1A9D}.Debug|Any CPU.Build.0 = Debug|Any CPU
		{B591CC86-4505-4EFB-A052-028DE2BC1A9D}.Release|Any CPU.ActiveCfg = Release|Any CPU
		{B591CC86-4505-4EFB-A052-028DE2BC1A9D}.Release|Any CPU.Build.0 = Release|Any CPU
		{E25AD63B-8926-5906-EFAF-EEF0E1A002B1}.Debug|Any CPU.ActiveCfg = Debug|Any CPU
		{E25AD63B-8926-5906-EFAF-EEF0E1A002B1}.Debug|Any CPU.Build.0 = Debug|Any CPU
		{E25AD63B-8926-5906-EFAF-EEF0E1A002B1}.Release|Any CPU.ActiveCfg = Release|Any CPU
		{E25AD63B-8926-5906-EFAF-EEF0E1A002B1}.Release|Any CPU.Build.0 = Release|Any CPU
		{ACCF68E3-D75F-721E-1ACA-6060A3DD060B}.Debug|Any CPU.ActiveCfg = Debug|Any CPU
		{ACCF68E3-D75F-721E-1ACA-6060A3DD060B}.Debug|Any CPU.Build.0 = Debug|Any CPU
		{ACCF68E3-D75F-721E-1ACA-6060A3DD060B}.Release|Any CPU.ActiveCfg = Release|Any CPU
		{ACCF68E3-D75F-721E-1ACA-6060A3DD060B}.Release|Any CPU.Build.0 = Release|Any CPU
		{88DDCBF5-03A5-E236-C1CD-B2F58E5A0B24}.Debug|Any CPU.ActiveCfg = Debug|Any CPU
		{88DDCBF5-03A5-E236-C1CD-B2F58E5A0B24}.Debug|Any CPU.Build.0 = Debug|Any CPU
		{88DDCBF5-03A5-E236-C1CD-B2F58E5A0B24}.Release|Any CPU.ActiveCfg = Release|Any CPU
		{88DDCBF5-03A5-E236-C1CD-B2F58E5A0B24}.Release|Any CPU.Build.0 = Release|Any CPU
		{78BCF628-4B99-1BDB-6E6C-C78028950757}.Debug|Any CPU.ActiveCfg = Debug|Any CPU
		{78BCF628-4B99-1BDB-6E6C-C78028950757}.Debug|Any CPU.Build.0 = Debug|Any CPU
		{78BCF628-4B99-1BDB-6E6C-C78028950757}.Release|Any CPU.ActiveCfg = Release|Any CPU
		{78BCF628-4B99-1BDB-6E6C-C78028950757}.Release|Any CPU.Build.0 = Release|Any CPU
		{1C0A7395-C40B-6CC4-ECF4-1803EE7C37C1}.Debug|Any CPU.ActiveCfg = Debug|Any CPU
		{1C0A7395-C40B-6CC4-ECF4-1803EE7C37C1}.Debug|Any CPU.Build.0 = Debug|Any CPU
		{1C0A7395-C40B-6CC4-ECF4-1803EE7C37C1}.Release|Any CPU.ActiveCfg = Release|Any CPU
		{1C0A7395-C40B-6CC4-ECF4-1803EE7C37C1}.Release|Any CPU.Build.0 = Release|Any CPU
		{B08DECB9-5755-484F-45FF-5DEBC39DEC56}.Debug|Any CPU.ActiveCfg = Debug|Any CPU
		{B08DECB9-5755-484F-45FF-5DEBC39DEC56}.Debug|Any CPU.Build.0 = Debug|Any CPU
		{B08DECB9-5755-484F-45FF-5DEBC39DEC56}.Release|Any CPU.ActiveCfg = Release|Any CPU
		{B08DECB9-5755-484F-45FF-5DEBC39DEC56}.Release|Any CPU.Build.0 = Release|Any CPU
		{1CC252D3-EFE2-0211-1B37-B46FDDB89AC4}.Debug|Any CPU.ActiveCfg = Debug|Any CPU
		{1CC252D3-EFE2-0211-1B37-B46FDDB89AC4}.Debug|Any CPU.Build.0 = Debug|Any CPU
		{1CC252D3-EFE2-0211-1B37-B46FDDB89AC4}.Release|Any CPU.ActiveCfg = Release|Any CPU
		{1CC252D3-EFE2-0211-1B37-B46FDDB89AC4}.Release|Any CPU.Build.0 = Release|Any CPU
		{318324A4-299F-0A8C-A846-F64CA172E355}.Debug|Any CPU.ActiveCfg = Debug|Any CPU
		{318324A4-299F-0A8C-A846-F64CA172E355}.Debug|Any CPU.Build.0 = Debug|Any CPU
		{318324A4-299F-0A8C-A846-F64CA172E355}.Release|Any CPU.ActiveCfg = Release|Any CPU
		{318324A4-299F-0A8C-A846-F64CA172E355}.Release|Any CPU.Build.0 = Release|Any CPU
		{C85B8D45-ACF7-9D6B-4707-1A4A27D9A35F}.Debug|Any CPU.ActiveCfg = Debug|Any CPU
		{C85B8D45-ACF7-9D6B-4707-1A4A27D9A35F}.Debug|Any CPU.Build.0 = Debug|Any CPU
		{C85B8D45-ACF7-9D6B-4707-1A4A27D9A35F}.Release|Any CPU.ActiveCfg = Release|Any CPU
		{C85B8D45-ACF7-9D6B-4707-1A4A27D9A35F}.Release|Any CPU.Build.0 = Release|Any CPU
		{E7BA9694-6A98-1CCE-7592-F900ECC41EEB}.Debug|Any CPU.ActiveCfg = Debug|Any CPU
		{E7BA9694-6A98-1CCE-7592-F900ECC41EEB}.Debug|Any CPU.Build.0 = Debug|Any CPU
		{E7BA9694-6A98-1CCE-7592-F900ECC41EEB}.Release|Any CPU.ActiveCfg = Release|Any CPU
		{E7BA9694-6A98-1CCE-7592-F900ECC41EEB}.Release|Any CPU.Build.0 = Release|Any CPU
		{7E706AB6-3DB5-AAA2-1F6C-23F86339FE76}.Debug|Any CPU.ActiveCfg = Debug|Any CPU
		{7E706AB6-3DB5-AAA2-1F6C-23F86339FE76}.Debug|Any CPU.Build.0 = Debug|Any CPU
		{7E706AB6-3DB5-AAA2-1F6C-23F86339FE76}.Release|Any CPU.ActiveCfg = Release|Any CPU
		{7E706AB6-3DB5-AAA2-1F6C-23F86339FE76}.Release|Any CPU.Build.0 = Release|Any CPU
	EndGlobalSection
	GlobalSection(SolutionProperties) = preSolution
		HideSolutionNode = FALSE
	EndGlobalSection
EndGlobal
